
Microsoft Visual Studio Solution File, Format Version 12.00
# Visual Studio Version 17
VisualStudioVersion = 17.1.32421.90
MinimumVisualStudioVersion = 10.0.40219.1
Project("{9A19103F-16F7-4668-BE54-9A1E7A4F7556}") = "Lab2Gis", "Lab2Gis\Lab2Gis.csproj", "{20E4401E-46A4-4E68-A66C-73805EF85A9F}"
EndProject
Project("{9A19103F-16F7-4668-BE54-9A1E7A4F7556}") = "Lab2GisOpenApiServer", "Lab2GisOpenApiServer\Lab2GisOpenApiServer.csproj", "{B336DBE7-E36C-4045-B589-2DD5289A8DBE}"
EndProject
Global
	GlobalSection(SolutionConfigurationPlatforms) = preSolution
		Debug|Any CPU = Debug|Any CPU
		Release|Any CPU = Release|Any CPU
	EndGlobalSection
	GlobalSection(ProjectConfigurationPlatforms) = postSolution
		{20E4401E-46A4-4E68-A66C-73805EF85A9F}.Debug|Any CPU.ActiveCfg = Debug|Any CPU
		{20E4401E-46A4-4E68-A66C-73805EF85A9F}.Debug|Any CPU.Build.0 = Debug|Any CPU
		{20E4401E-46A4-4E68-A66C-73805EF85A9F}.Release|Any CPU.ActiveCfg = Release|Any CPU
		{20E4401E-46A4-4E68-A66C-73805EF85A9F}.Release|Any CPU.Build.0 = Release|Any CPU
		{B336DBE7-E36C-4045-B589-2DD5289A8DBE}.Debug|Any CPU.ActiveCfg = Debug|Any CPU
		{B336DBE7-E36C-4045-B589-2DD5289A8DBE}.Debug|Any CPU.Build.0 = Debug|Any CPU
		{B336DBE7-E36C-4045-B589-2DD5289A8DBE}.Release|Any CPU.ActiveCfg = Release|Any CPU
		{B336DBE7-E36C-4045-B589-2DD5289A8DBE}.Release|Any CPU.Build.0 = Release|Any CPU
	EndGlobalSection
	GlobalSection(SolutionProperties) = preSolution
		HideSolutionNode = FALSE
	EndGlobalSection
	GlobalSection(ExtensibilityGlobals) = postSolution
		SolutionGuid = {CF3BDB1B-06C4-443C-B60D-AA42183D2B91}
	EndGlobalSection
EndGlobal
